
Microsoft Visual Studio Solution File, Format Version 12.00
# Visual Studio Version 17
VisualStudioVersion = 17.9.34728.123
MinimumVisualStudioVersion = 10.0.40219.1
Project("{FAE04EC0-301F-11D3-BF4B-00C04F79EFBC}") = "Car_driver", "Car_driver\Car_driver.csproj", "{BB22B414-BCE4-46B4-B244-C92686E3CE6D}"
EndProject
Global
	GlobalSection(SolutionConfigurationPlatforms) = preSolution
		Debug|Any CPU = Debug|Any CPU
		Release|Any CPU = Release|Any CPU
	EndGlobalSection
	GlobalSection(ProjectConfigurationPlatforms) = postSolution
		{BB22B414-BCE4-46B4-B244-C92686E3CE6D}.Debug|Any CPU.ActiveCfg = Debug|Any CPU
		{BB22B414-BCE4-46B4-B244-C92686E3CE6D}.Debug|Any CPU.Build.0 = Debug|Any CPU
		{BB22B414-BCE4-46B4-B244-C92686E3CE6D}.Release|Any CPU.ActiveCfg = Release|Any CPU
		{BB22B414-BCE4-46B4-B244-C92686E3CE6D}.Release|Any CPU.Build.0 = Release|Any CPU
	EndGlobalSection
	GlobalSection(SolutionProperties) = preSolution
		HideSolutionNode = FALSE
	EndGlobalSection
	GlobalSection(ExtensibilityGlobals) = postSolution
		SolutionGuid = {B7F8A0E0-C1F6-4E60-834D-E3F31AB31D62}
	EndGlobalSection
EndGlobal
